# THIS IS AN AUTOGENERATED FILE. DO NOT EDIT THIS FILE DIRECTLY.
# yarn lockfile v1


"@babel/generator@^7.14.8":
  version "7.14.8"
  resolved "https://registry.npmjs.org/@babel/generator/-/generator-7.14.8.tgz#bf86fd6af96cf3b74395a8ca409515f89423e070"
  integrity sha512-cYDUpvIzhBVnMzRoY1fkSEhK/HmwEVwlyULYgn/tMQYd6Obag3ylCjONle3gdErfXBW61SVTlR9QR7uWlgeIkg==
  dependencies:
    "@babel/types" "^7.14.8"
    jsesc "^2.5.1"
    source-map "^0.5.0"

"@babel/helper-validator-identifier@^7.14.8":
  version "7.14.8"
  resolved "https://registry.npmjs.org/@babel/helper-validator-identifier/-/helper-validator-identifier-7.14.8.tgz#32be33a756f29e278a0d644fa08a2c9e0f88a34c"
  integrity sha512-ZGy6/XQjllhYQrNw/3zfWRwZCTVSiBLZ9DHVZxn9n2gip/7ab8mv2TWlKPIBk26RwedCBoWdjLmn+t9na2Gcow==

"@babel/parser@^7.14.8":
  version "7.14.8"
  resolved "https://registry.npmjs.org/@babel/parser/-/parser-7.14.8.tgz#66fd41666b2d7b840bd5ace7f7416d5ac60208d4"
  integrity sha512-syoCQFOoo/fzkWDeM0dLEZi5xqurb5vuyzwIMNZRNun+N/9A4cUZeQaE7dTrB8jGaKuJRBtEOajtnmw0I5hvvA==

"@babel/types@^7.14.8":
  version "7.14.8"
  resolved "https://registry.npmjs.org/@babel/types/-/types-7.14.8.tgz#38109de8fcadc06415fbd9b74df0065d4d41c728"
  integrity sha512-iob4soQa7dZw8nodR/KlOQkPh9S4I8RwCxwRIFuiMRYjOzH/KJzdUfDgz6cGi5dDaclXF4P2PAhCdrBJNIg68Q==
  dependencies:
    "@babel/helper-validator-identifier" "^7.14.8"
    to-fast-properties "^2.0.0"

jsesc@^2.5.1:
  version "2.5.2"
  resolved "https://registry.npmjs.org/jsesc/-/jsesc-2.5.2.tgz#80564d2e483dacf6e8ef209650a67df3f0c283a4"
  integrity sha512-OYu7XEzjkCQ3C5Ps3QIZsQfNpqoJyZZA99wd9aWd05NCtC5pWOkShK2mkL6HXQR6/Cy2lbNdPlZBpuQHXE63gA==

source-map@^0.5.0:
  version "0.5.7"
  resolved "https://registry.npmjs.org/source-map/-/source-map-0.5.7.tgz#8a039d2d1021d22d1ea14c80d8ea468ba2ef3fcc"
  integrity sha1-igOdLRAh0i0eoUyA2OpGi6LvP8w=

to-fast-properties@^2.0.0:
  version "2.0.0"
  resolved "https://registry.npmjs.org/to-fast-properties/-/to-fast-properties-2.0.0.tgz#dc5e698cbd079265bc73e0377681a4e4e83f616e"
  integrity sha1-3F5pjL0HkmW8c+A3doGk5Og/YW4=
